# THIS IS AN AUTOGENERATED FILE. DO NOT EDIT THIS FILE DIRECTLY.
# yarn lockfile v1


"@matterway/background-react@^4.0.0":
  version "4.0.0"
  resolved "https://registry.matterway.io/@matterway%2fbackground-react/-/background-react-4.0.0.tgz#f379c550fd1e05b25cfe7420d006397b511eaf78"
  integrity sha512-vpBiGOJliY3B0JBxbvku14KnT07WlBsxi62uDmgKP0X53hVu8/xbCibpNKgkUqC921cwtWtRR5qcN8tF21taig==
  dependencies:
    "@matterway/js-core-with-cleanup" "^2.0.0"
    "@types/chrome" "^0.0.119"
    "@types/react" "^16.9.43"
    error-stack-parser "^2.0.6"
    objectid "^1.1.0"
    typescript-fsa "^3.0.0"

"@matterway/js-core-with-cleanup@^2.0.0":
  version "2.0.0"
  resolved "https://registry.matterway.io/@matterway%2fjs-core-with-cleanup/-/js-core-with-cleanup-2.0.0.tgz#d3ed7633cceb80d26a43d766a2b4764f768c51d0"
  integrity sha512-DYDnoZsp8K+r9SaWUzDu3wEPlyQ5LOzeKAPSpYZeudRuBJfssW/atLsF5XB53ID4wINh09Ea5mSlojnUBvzG8A==

"@matterway/sdk-context@^0.1.0-alpha.52":
  version "0.1.3"
  resolved "https://registry.matterway.io/@matterway%2fsdk-context/-/sdk-context-0.1.3.tgz#b1eaea8a18d7ab6cd81ba0a2be912c6355f34282"
  integrity sha512-ocUxWlnFmTr8WMYPztvFTGwx9fZGahhg9xh5U98rVkVTFdunXm/8qTlEBnhabidG1MzEpdoraJGkiggGxa6n2g==
  dependencies:
    "@matterway/background-react" "^4.0.0"
    "@matterway/types" "^0.18.2"

"@matterway/types@^0.18.2":
  version "0.18.7"
  resolved "https://registry.matterway.io/@matterway%2ftypes/-/types-0.18.7.tgz#0e1a35728437a746b6f4ea69c4dda5ab0a63c4b2"
  integrity sha512-VMWwHPHz3iM9VrUfzIIjztbTUxfcW8K+BbYXm22UT7/0U97ysyaA8L06EAPXvoMRrZ6vm3qikPjmlM/olr8b6A==

"@types/chrome@^0.0.119":
  version "0.0.119"
  resolved "https://registry.yarnpkg.com/@types/chrome/-/chrome-0.0.119.tgz#12a2af96886d0c7210590928729ebf622eb67a58"
  integrity sha512-Hpl2pFrtnqyHQKTz15HcJ2gLaSojb7HozEwp1OX10ERqaBcfVNnkn+Vq0YeSMiKgvwf/zz73GazK05obaQ3rhg==
  dependencies:
    "@types/filesystem" "*"
    "@types/har-format" "*"

"@types/filesystem@*":
  version "0.0.36"
  resolved "https://registry.yarnpkg.com/@types/filesystem/-/filesystem-0.0.36.tgz#7227c2d76bfed1b21819db310816c7821d303857"
  integrity sha512-vPDXOZuannb9FZdxgHnqSwAG/jvdGM8Wq+6N4D/d80z+D4HWH+bItqsZaVRQykAn6WEVeEkLm2oQigyHtgb0RA==
  dependencies:
    "@types/filewriter" "*"

"@types/filewriter@*":
  version "0.0.33"
  resolved "https://registry.yarnpkg.com/@types/filewriter/-/filewriter-0.0.33.tgz#d9d611db9d9cd99ae4e458de420eeb64ad604ea8"
  integrity sha512-xFU8ZXTw4gd358lb2jw25nxY9QAgqn2+bKKjKOYfNCzN4DKCFetK7sPtrlpg66Ywe3vWY9FNxprZawAh9wfJ3g==

"@types/har-format@*":
  version "1.2.15"
  resolved "https://registry.yarnpkg.com/@types/har-format/-/har-format-1.2.15.tgz#f352493638c2f89d706438a19a9eb300b493b506"
  integrity sha512-RpQH4rXLuvTXKR0zqHq3go0RVXYv/YVqv4TnPH95VbwUxZdQlK1EtcMvQvMpDngHbt13Csh9Z4qT9AbkiQH5BA==

"@types/node@^22.5.5":
  version "22.5.5"
  resolved "https://registry.yarnpkg.com/@types/node/-/node-22.5.5.tgz#52f939dd0f65fc552a4ad0b392f3c466cc5d7a44"
  integrity sha512-Xjs4y5UPO/CLdzpgR6GirZJx36yScjh73+2NlLlkFRSoQN8B0DpfXPdZGnvVmLRLOsqDpOfTNv7D9trgGhmOIA==
  dependencies:
    undici-types "~6.19.2"

"@types/prop-types@*":
  version "15.7.13"
  resolved "https://registry.yarnpkg.com/@types/prop-types/-/prop-types-15.7.13.tgz#2af91918ee12d9d32914feb13f5326658461b451"
  integrity sha512-hCZTSvwbzWGvhqxp/RqVqwU999pBf2vp7hzIjiYOsl8wqOmUxkQ6ddw1cV3l8811+kdUFus/q4d1Y3E3SyEifA==

"@types/react@^16.9.43":
  version "16.14.61"
  resolved "https://registry.yarnpkg.com/@types/react/-/react-16.14.61.tgz#ce498029a046d17908001e6e563f3febbaf41e7f"
  integrity sha512-CK3zd17pDWAEMnN5TdzwQJQlto2dK/lb0WZsI74owWgQ8PR60WRk0sCeBxLWuSuuqqDZKqeUcxod/8yECqrP/g==
  dependencies:
    "@types/prop-types" "*"
    "@types/scheduler" "^0.16"
    csstype "^3.0.2"

"@types/scheduler@^0.16":
  version "0.16.8"
  resolved "https://registry.yarnpkg.com/@types/scheduler/-/scheduler-0.16.8.tgz#ce5ace04cfeabe7ef87c0091e50752e36707deff"
  integrity sha512-WZLiwShhwLRmeV6zH+GkbOFT6Z6VklCItrDioxUnv+u4Ll+8vKeFySoFyK/0ctcRpOmwAicELfmys1sDc/Rw+A==

csstype@^3.0.2:
  version "3.1.3"
  resolved "https://registry.yarnpkg.com/csstype/-/csstype-3.1.3.tgz#d80ff294d114fb0e6ac500fbf85b60137d7eff81"
  integrity sha512-M1uQkMl8rQK/szD0LNhtqxIPLpimGm8sOBwU7lLnCpSbTyY3yeU1Vc7l4KT5zT4s/yOxHH5O7tIuuLOCnLADRw==

error-stack-parser@^2.0.6:
  version "2.1.4"
  resolved "https://registry.yarnpkg.com/error-stack-parser/-/error-stack-parser-2.1.4.tgz#229cb01cdbfa84440bfa91876285b94680188286"
  integrity sha512-Sk5V6wVazPhq5MhpO+AUxJn5x7XSXGl1R93Vn7i+zS15KDVxQijejNCrz8340/2bgLBjR9GtEG8ZVKONDjcqGQ==
  dependencies:
    stackframe "^1.3.4"

objectid@^1.1.0:
  version "1.1.0"
  resolved "https://registry.yarnpkg.com/objectid/-/objectid-1.1.0.tgz#bc9e81b08ed538fd67dfd7a4009e15ac4bc6c0c0"
  integrity sha512-l8BNPQVBoXU+yWFSVRFmrzEt4BmlBC4QhGx5cyT+y51OEuk9o4h6ldUU4D9LTr19Wae/9ofu9Fckvmj3nFQ7kA==

stackframe@^1.3.4:
  version "1.3.4"
  resolved "https://registry.yarnpkg.com/stackframe/-/stackframe-1.3.4.tgz#b881a004c8c149a5e8efef37d51b16e412943310"
  integrity sha512-oeVtt7eWQS+Na6F//S4kJ2K2VbRlS9D43mAlMyVpVWovy9o+jfgH8O9agzANzaiLjclA0oYzUXEM4PurhSUChw==

typescript-fsa@^3.0.0:
  version "3.0.0"
  resolved "https://registry.yarnpkg.com/typescript-fsa/-/typescript-fsa-3.0.0.tgz#3ad1cb915a67338e013fc21f67c9b3e0e110c912"
  integrity sha512-xiXAib35i0QHl/+wMobzPibjAH5TJLDj+qGq5jwVLG9qR4FUswZURBw2qihBm0m06tHoyb3FzpnJs1GRhRwVag==

undici-types@~6.19.2:
  version "6.19.8"
  resolved "https://registry.yarnpkg.com/undici-types/-/undici-types-6.19.8.tgz#35111c9d1437ab83a7cdc0abae2f26d88eda0a02"
  integrity sha512-ve2KP6f/JnbPBFyobGHuerC9g1FYGn/F8n1LWTwNxCEzd6IfqTwUQcNXgEtmmQ6DlRrC1hrSrBnCZPokRrDHjw==
